// !$*UTF8*$!
{
	archiveVersion = 1;
	classes = {
	};
	objectVersion = 55;
	objects = {

/* Begin PBXBuildFile section */
		CEC90FB028A164360020B2A9 /* AppDelegate.swift in Sources */ = {isa = PBXBuildFile; fileRef = CEC90FAF28A164360020B2A9 /* AppDelegate.swift */; };
		CEC90FB928A1643E0020B2A9 /* Assets.xcassets in Resources */ = {isa = PBXBuildFile; fileRef = CEC90FB828A1643E0020B2A9 /* Assets.xcassets */; };
		CEC90FBC28A1643E0020B2A9 /* LaunchScreen.storyboard in Resources */ = {isa = PBXBuildFile; fileRef = CEC90FBA28A1643E0020B2A9 /* LaunchScreen.storyboard */; };
		CEC90FDC28A40CEE0020B2A9 /* 1.jpeg in Resources */ = {isa = PBXBuildFile; fileRef = CEC90FDB28A40CEE0020B2A9 /* 1.jpeg */; };
		CEC90FDE28A40D030020B2A9 /* 2.webp in Resources */ = {isa = PBXBuildFile; fileRef = CEC90FDD28A40D030020B2A9 /* 2.webp */; };
		CEC90FE028A40D190020B2A9 /* 3.jpeg in Resources */ = {isa = PBXBuildFile; fileRef = CEC90FDF28A40D190020B2A9 /* 3.jpeg */; };
		CEC90FE428A40DD90020B2A9 /* AfterImageVC.swift in Sources */ = {isa = PBXBuildFile; fileRef = CEC90FE228A40DD90020B2A9 /* AfterImageVC.swift */; };
		CEC90FE528A40DD90020B2A9 /* AfterImageVC.xib in Resources */ = {isa = PBXBuildFile; fileRef = CEC90FE328A40DD90020B2A9 /* AfterImageVC.xib */; };
		CEC90FE828A40F200020B2A9 /* ImageLoaderVC.swift in Sources */ = {isa = PBXBuildFile; fileRef = CEC90FE628A40F200020B2A9 /* ImageLoaderVC.swift */; };
		CEC90FE928A40F200020B2A9 /* ImageLoaderVC.xib in Resources */ = {isa = PBXBuildFile; fileRef = CEC90FE728A40F200020B2A9 /* ImageLoaderVC.xib */; };
/* End PBXBuildFile section */

/* Begin PBXFileReference section */
		CEC90FAC28A164350020B2A9 /* SummerWork.app */ = {isa = PBXFileReference; explicitFileType = wrapper.application; includeInIndex = 0; path = SummerWork.app; sourceTree = BUILT_PRODUCTS_DIR; };
		CEC90FAF28A164360020B2A9 /* AppDelegate.swift */ = {isa = PBXFileReference; lastKnownFileType = sourcecode.swift; path = AppDelegate.swift; sourceTree = "<group>"; };
		CEC90FB828A1643E0020B2A9 /* Assets.xcassets */ = {isa = PBXFileReference; lastKnownFileType = folder.assetcatalog; path = Assets.xcassets; sourceTree = "<group>"; };
		CEC90FBB28A1643E0020B2A9 /* Base */ = {isa = PBXFileReference; lastKnownFileType = file.storyboard; name = Base; path = Base.lproj/LaunchScreen.storyboard; sourceTree = "<group>"; };
		CEC90FBD28A1643E0020B2A9 /* Info.plist */ = {isa = PBXFileReference; lastKnownFileType = text.plist.xml; path = Info.plist; sourceTree = "<group>"; };
		CEC90FDB28A40CEE0020B2A9 /* 1.jpeg */ = {isa = PBXFileReference; lastKnownFileType = image.jpeg; path = 1.jpeg; sourceTree = "<group>"; };
		CEC90FDD28A40D030020B2A9 /* 2.webp */ = {isa = PBXFileReference; lastKnownFileType = file; path = 2.webp; sourceTree = "<group>"; };
		CEC90FDF28A40D190020B2A9 /* 3.jpeg */ = {isa = PBXFileReference; lastKnownFileType = image.jpeg; path = 3.jpeg; sourceTree = "<group>"; };
		CEC90FE228A40DD90020B2A9 /* AfterImageVC.swift */ = {isa = PBXFileReference; lastKnownFileType = sourcecode.swift; path = AfterImageVC.swift; sourceTree = "<group>"; };
		CEC90FE328A40DD90020B2A9 /* AfterImageVC.xib */ = {isa = PBXFileReference; lastKnownFileType = file.xib; path = AfterImageVC.xib; sourceTree = "<group>"; };
		CEC90FE628A40F200020B2A9 /* ImageLoaderVC.swift */ = {isa = PBXFileReference; lastKnownFileType = sourcecode.swift; path = ImageLoaderVC.swift; sourceTree = "<group>"; };
		CEC90FE728A40F200020B2A9 /* ImageLoaderVC.xib */ = {isa = PBXFileReference; lastKnownFileType = file.xib; path = ImageLoaderVC.xib; sourceTree = "<group>"; };
/* End PBXFileReference section */

/* Begin PBXFrameworksBuildPhase section */
		CEC90FA928A164350020B2A9 /* Frameworks */ = {
			isa = PBXFrameworksBuildPhase;
			buildActionMask = 2147483647;
			files = (
			);
			runOnlyForDeploymentPostprocessing = 0;
		};
/* End PBXFrameworksBuildPhase section */

/* Begin PBXGroup section */
		CEC90FA328A164350020B2A9 = {
			isa = PBXGroup;
			children = (
				CEC90FAE28A164350020B2A9 /* SummerWork */,
				CEC90FAD28A164350020B2A9 /* Products */,
			);
			sourceTree = "<group>";
		};
		CEC90FAD28A164350020B2A9 /* Products */ = {
			isa = PBXGroup;
			children = (
				CEC90FAC28A164350020B2A9 /* SummerWork.app */,
			);
			name = Products;
			sourceTree = "<group>";
		};
		CEC90FAE28A164350020B2A9 /* SummerWork */ = {
			isa = PBXGroup;
			children = (
				CEC90FAF28A164360020B2A9 /* AppDelegate.swift */,
				CEC90FE628A40F200020B2A9 /* ImageLoaderVC.swift */,
				CEC90FE728A40F200020B2A9 /* ImageLoaderVC.xib */,
				CEC90FE228A40DD90020B2A9 /* AfterImageVC.swift */,
				CEC90FE328A40DD90020B2A9 /* AfterImageVC.xib */,
				CEC90FE128A40DB70020B2A9 /* images */,
				CEC90FB828A1643E0020B2A9 /* Assets.xcassets */,
				CEC90FBA28A1643E0020B2A9 /* LaunchScreen.storyboard */,
				CEC90FBD28A1643E0020B2A9 /* Info.plist */,
			);
			path = SummerWork;
			sourceTree = "<group>";
		};
		CEC90FE128A40DB70020B2A9 /* images */ = {
			isa = PBXGroup;
			children = (
				CEC90FDB28A40CEE0020B2A9 /* 1.jpeg */,
				CEC90FDD28A40D030020B2A9 /* 2.webp */,
				CEC90FDF28A40D190020B2A9 /* 3.jpeg */,
			);
			path = images;
			sourceTree = "<group>";
		};
/* End PBXGroup section */

/* Begin PBXNativeTarget section */
		CEC90FAB28A164350020B2A9 /* SummerWork */ = {
			isa = PBXNativeTarget;
			buildConfigurationList = CEC90FC028A1643E0020B2A9 /* Build configuration list for PBXNativeTarget "SummerWork" */;
			buildPhases = (
				CEC90FA828A164350020B2A9 /* Sources */,
				CEC90FA928A164350020B2A9 /* Frameworks */,
				CEC90FAA28A164350020B2A9 /* Resources */,
			);
			buildRules = (
			);
			dependencies = (
			);
			name = SummerWork;
			productName = SummerWork;
			productReference = CEC90FAC28A164350020B2A9 /* SummerWork.app */;
			productType = "com.apple.product-type.application";
		};
/* End PBXNativeTarget section */

/* Begin PBXProject section */
		CEC90FA428A164350020B2A9 /* Project object */ = {
			isa = PBXProject;
			attributes = {
				BuildIndependentTargetsInParallel = 1;
				LastSwiftUpdateCheck = 1340;
				LastUpgradeCheck = 1340;
				TargetAttributes = {
					CEC90FAB28A164350020B2A9 = {
						CreatedOnToolsVersion = 13.4.1;
					};
				};
			};
			buildConfigurationList = CEC90FA728A164350020B2A9 /* Build configuration list for PBXProject "SummerWork" */;
			compatibilityVersion = "Xcode 13.0";
			developmentRegion = en;
			hasScannedForEncodings = 0;
			knownRegions = (
				en,
				Base,
			);
			mainGroup = CEC90FA328A164350020B2A9;
			productRefGroup = CEC90FAD28A164350020B2A9 /* Products */;
			projectDirPath = "";
			projectRoot = "";
			targets = (
				CEC90FAB28A164350020B2A9 /* SummerWork */,
			);
		};
/* End PBXProject section */

/* Begin PBXResourcesBuildPhase section */
		CEC90FAA28A164350020B2A9 /* Resources */ = {
			isa = PBXResourcesBuildPhase;
			buildActionMask = 2147483647;
			files = (
				CEC90FDE28A40D030020B2A9 /* 2.webp in Resources */,
				CEC90FBC28A1643E0020B2A9 /* LaunchScreen.storyboard in Resources */,
				CEC90FB928A1643E0020B2A9 /* Assets.xcassets in Resources */,
				CEC90FE528A40DD90020B2A9 /* AfterImageVC.xib in Resources */,
				CEC90FE928A40F200020B2A9 /* ImageLoaderVC.xib in Resources */,
				CEC90FE028A40D190020B2A9 /* 3.jpeg in Resources */,
				CEC90FDC28A40CEE0020B2A9 /* 1.jpeg in Resources */,
			);
			runOnlyForDeploymentPostprocessing = 0;
		};
/* End PBXResourcesBuildPhase section */

/* Begin PBXSourcesBuildPhase section */
		CEC90FA828A164350020B2A9 /* Sources */ = {
			isa = PBXSourcesBuildPhase;
			buildActionMask = 2147483647;
			files = (
				CEC90FE828A40F200020B2A9 /* ImageLoaderVC.swift in Sources */,
				CEC90FB028A164360020B2A9 /* AppDelegate.swift in Sources */,
				CEC90FE428A40DD90020B2A9 /* AfterImageVC.swift in Sources */,
			);
			runOnlyForDeploymentPostprocessing = 0;
		};
/* End PBXSourcesBuildPhase section */

/* Begin PBXVariantGroup section */
		CEC90FBA28A1643E0020B2A9 /* LaunchScreen.storyboard */ = {
			isa = PBXVariantGroup;
			children = (
				CEC90FBB28A1643E0020B2A9 /* Base */,
			);
			name = LaunchScreen.storyboard;
			sourceTree = "<group>";
		};
/* End PBXVariantGroup section */

/* Begin XCBuildConfiguration section */
		CEC90FBE28A1643E0020B2A9 /* Debug */ = {
			isa = XCBuildConfiguration;
			buildSettings = {
				ALWAYS_SEARCH_USER_PATHS = NO;
				CLANG_ANALYZER_NONNULL = YES;
				CLANG_ANALYZER_NUMBER_OBJECT_CONVERSION = YES_AGGRESSIVE;
				CLANG_CXX_LANGUAGE_STANDARD = "gnu++17";
				CLANG_ENABLE_MODULES = YES;
				CLANG_ENABLE_OBJC_ARC = YES;
				CLANG_ENABLE_OBJC_WEAK = YES;
				CLANG_WARN_BLOCK_CAPTURE_AUTORELEASING = YES;
				CLANG_WARN_BOOL_CONVERSION = YES;
				CLANG_WARN_COMMA = YES;
				CLANG_WARN_CONSTANT_CONVERSION = YES;
				CLANG_WARN_DEPRECATED_OBJC_IMPLEMENTATIONS = YES;
				CLANG_WARN_DIRECT_OBJC_ISA_USAGE = YES_ERROR;
				CLANG_WARN_DOCUMENTATION_COMMENTS = YES;
				CLANG_WARN_EMPTY_BODY = YES;
				CLANG_WARN_ENUM_CONVERSION = YES;
				CLANG_WARN_INFINITE_RECURSION = YES;
				CLANG_WARN_INT_CONVERSION = YES;
				CLANG_WARN_NON_LITERAL_NULL_CONVERSION = YES;
				CLANG_WARN_OBJC_IMPLICIT_RETAIN_SELF = YES;
				CLANG_WARN_OBJC_LITERAL_CONVERSION = YES;
				CLANG_WARN_OBJC_ROOT_CLASS = YES_ERROR;
				CLANG_WARN_QUOTED_INCLUDE_IN_FRAMEWORK_HEADER = YES;
				CLANG_WARN_RANGE_LOOP_ANALYSIS = YES;
				CLANG_WARN_STRICT_PROTOTYPES = YES;
				CLANG_WARN_SUSPICIOUS_MOVE = YES;
				CLANG_WARN_UNGUARDED_AVAILABILITY = YES_AGGRESSIVE;
				CLANG_WARN_UNREACHABLE_CODE = YES;
				CLANG_WARN__DUPLICATE_METHOD_MATCH = YES;
				COPY_PHASE_STRIP = NO;
				DEBUG_INFORMATION_FORMAT = dwarf;
				ENABLE_STRICT_OBJC_MSGSEND = YES;
				ENABLE_TESTABILITY = YES;
				GCC_C_LANGUAGE_STANDARD = gnu11;
				GCC_DYNAMIC_NO_PIC = NO;
				GCC_NO_COMMON_BLOCKS = YES;
				GCC_OPTIMIZATION_LEVEL = 0;
				GCC_PREPROCESSOR_DEFINITIONS = (
					"DEBUG=1",
					"$(inherited)",
				);
				GCC_WARN_64_TO_32_BIT_CONVERSION = YES;
				GCC_WARN_ABOUT_RETURN_TYPE = YES_ERROR;
				GCC_WARN_UNDECLARED_SELECTOR = YES;
				GCC_WARN_UNINITIALIZED_AUTOS = YES_AGGRESSIVE;
				GCC_WARN_UNUSED_FUNCTION = YES;
				GCC_WARN_UNUSED_VARIABLE = YES;
				IPHONEOS_DEPLOYMENT_TARGET = 15.5;
				MTL_ENABLE_DEBUG_INFO = INCLUDE_SOURCE;
				MTL_FAST_MATH = YES;
				ONLY_ACTIVE_ARCH = YES;
				SDKROOT = iphoneos;
				SWIFT_ACTIVE_COMPILATION_CONDITIONS = DEBUG;
				SWIFT_OPTIMIZATION_LEVEL = "-Onone";
			};
			name = Debug;
		};
		CEC90FBF28A1643E0020B2A9 /* Release */ = {
			isa = XCBuildConfiguration;
			buildSettings = {
				ALWAYS_SEARCH_USER_PATHS = NO;
				CLANG_ANALYZER_NONNULL = YES;
				CLANG_ANALYZER_NUMBER_OBJECT_CONVERSION = YES_AGGRESSIVE;
				CLANG_CXX_LANGUAGE_STANDARD = "gnu++17";
				CLANG_ENABLE_MODULES = YES;
				CLANG_ENABLE_OBJC_ARC = YES;
				CLANG_ENABLE_OBJC_WEAK = YES;
				CLANG_WARN_BLOCK_CAPTURE_AUTORELEASING = YES;
				CLANG_WARN_BOOL_CONVERSION = YES;
				CLANG_WARN_COMMA = YES;
				CLANG_WARN_CONSTANT_CONVERSION = YES;
				CLANG_WARN_DEPRECATED_OBJC_IMPLEMENTATIONS = YES;
				CLANG_WARN_DIRECT_OBJC_ISA_USAGE = YES_ERROR;
				CLANG_WARN_DOCUMENTATION_COMMENTS = YES;
				CLANG_WARN_EMPTY_BODY = YES;
				CLANG_WARN_ENUM_CONVERSION = YES;
				CLANG_WARN_INFINITE_RECURSION = YES;
				CLANG_WARN_INT_CONVERSION = YES;
				CLANG_WARN_NON_LITERAL_NULL_CONVERSION = YES;
				CLANG_WARN_OBJC_IMPLICIT_RETAIN_SELF = YES;
				CLANG_WARN_OBJC_LITERAL_CONVERSION = YES;
				CLANG_WARN_OBJC_ROOT_CLASS = YES_ERROR;
				CLANG_WARN_QUOTED_INCLUDE_IN_FRAMEWORK_HEADER = YES;
				CLANG_WARN_RANGE_LOOP_ANALYSIS = YES;
				CLANG_WARN_STRICT_PROTOTYPES = YES;
				CLANG_WARN_SUSPICIOUS_MOVE = YES;
				CLANG_WARN_UNGUARDED_AVAILABILITY = YES_AGGRESSIVE;
				CLANG_WARN_UNREACHABLE_CODE = YES;
				CLANG_WARN__DUPLICATE_METHOD_MATCH = YES;
				COPY_PHASE_STRIP = NO;
				DEBUG_INFORMATION_FORMAT = "dwarf-with-dsym";
				ENABLE_NS_ASSERTIONS = NO;
				ENABLE_STRICT_OBJC_MSGSEND = YES;
				GCC_C_LANGUAGE_STANDARD = gnu11;
				GCC_NO_COMMON_BLOCKS = YES;
				GCC_WARN_64_TO_32_BIT_CONVERSION = YES;
				GCC_WARN_ABOUT_RETURN_TYPE = YES_ERROR;
				GCC_WARN_UNDECLARED_SELECTOR = YES;
				GCC_WARN_UNINITIALIZED_AUTOS = YES_AGGRESSIVE;
				GCC_WARN_UNUSED_FUNCTION = YES;
				GCC_WARN_UNUSED_VARIABLE = YES;
				IPHONEOS_DEPLOYMENT_TARGET = 15.5;
				MTL_ENABLE_DEBUG_INFO = NO;
				MTL_FAST_MATH = YES;
				SDKROOT = iphoneos;
				SWIFT_COMPILATION_MODE = wholemodule;
				SWIFT_OPTIMIZATION_LEVEL = "-O";
				VALIDATE_PRODUCT = YES;
			};
			name = Release;
		};
		CEC90FC128A1643E0020B2A9 /* Debug */ = {
			isa = XCBuildConfiguration;
			buildSettings = {
				ASSETCATALOG_COMPILER_APPICON_NAME = AppIcon;
				ASSETCATALOG_COMPILER_GLOBAL_ACCENT_COLOR_NAME = AccentColor;
				CODE_SIGN_STYLE = Automatic;
				CURRENT_PROJECT_VERSION = 1;
				DEVELOPMENT_TEAM = KM57F785YC;
				GENERATE_INFOPLIST_FILE = YES;
				INFOPLIST_FILE = SummerWork/Info.plist;
				INFOPLIST_KEY_UIApplicationSupportsIndirectInputEvents = YES;
				INFOPLIST_KEY_UILaunchStoryboardName = LaunchScreen;
				INFOPLIST_KEY_UISupportedInterfaceOrientations_iPad = "UIInterfaceOrientationPortrait UIInterfaceOrientationPortraitUpsideDown UIInterfaceOrientationLandscapeLeft UIInterfaceOrientationLandscapeRight";
				INFOPLIST_KEY_UISupportedInterfaceOrientations_iPhone = "UIInterfaceOrientationPortrait UIInterfaceOrientationLandscapeLeft UIInterfaceOrientationLandscapeRight";
				LD_RUNPATH_SEARCH_PATHS = (
					"$(inherited)",
					"@executable_path/Frameworks",
				);
				MARKETING_VERSION = 1.0;
				PRODUCT_BUNDLE_IDENTIFIER = p.SummerWork;
				PRODUCT_NAME = "$(TARGET_NAME)";
				SWIFT_EMIT_LOC_STRINGS = YES;
				SWIFT_VERSION = 5.0;
				TARGETED_DEVICE_FAMILY = "1,2";
			};
			name = Debug;
		};
		CEC90FC228A1643E0020B2A9 /* Release */ = {
			isa = XCBuildConfiguration;
			buildSettings = {
				ASSETCATALOG_COMPILER_APPICON_NAME = AppIcon;
				ASSETCATALOG_COMPILER_GLOBAL_ACCENT_COLOR_NAME = AccentColor;
				CODE_SIGN_STYLE = Automatic;
				CURRENT_PROJECT_VERSION = 1;
				DEVELOPMENT_TEAM = KM57F785YC;
				GENERATE_INFOPLIST_FILE = YES;
				INFOPLIST_FILE = SummerWork/Info.plist;
				INFOPLIST_KEY_UIApplicationSupportsIndirectInputEvents = YES;
				INFOPLIST_KEY_UILaunchStoryboardName = LaunchScreen;
				INFOPLIST_KEY_UISupportedInterfaceOrientations_iPad = "UIInterfaceOrientationPortrait UIInterfaceOrientationPortraitUpsideDown UIInterfaceOrientationLandscapeLeft UIInterfaceOrientationLandscapeRight";
				INFOPLIST_KEY_UISupportedInterfaceOrientations_iPhone = "UIInterfaceOrientationPortrait UIInterfaceOrientationLandscapeLeft UIInterfaceOrientationLandscapeRight";
				LD_RUNPATH_SEARCH_PATHS = (
					"$(inherited)",
					"@executable_path/Frameworks",
				);
				MARKETING_VERSION = 1.0;
				PRODUCT_BUNDLE_IDENTIFIER = p.SummerWork;
				PRODUCT_NAME = "$(TARGET_NAME)";
				SWIFT_EMIT_LOC_STRINGS = YES;
				SWIFT_VERSION = 5.0;
				TARGETED_DEVICE_FAMILY = "1,2";
			};
			name = Release;
		};
/* End XCBuildConfiguration section */

/* Begin XCConfigurationList section */
		CEC90FA728A164350020B2A9 /* Build configuration list for PBXProject "SummerWork" */ = {
			isa = XCConfigurationList;
			buildConfigurations = (
				CEC90FBE28A1643E0020B2A9 /* Debug */,
				CEC90FBF28A1643E0020B2A9 /* Release */,
			);
			defaultConfigurationIsVisible = 0;
			defaultConfigurationName = Release;
		};
		CEC90FC028A1643E0020B2A9 /* Build configuration list for PBXNativeTarget "SummerWork" */ = {
			isa = XCConfigurationList;
			buildConfigurations = (
				CEC90FC128A1643E0020B2A9 /* Debug */,
				CEC90FC228A1643E0020B2A9 /* Release */,
			);
			defaultConfigurationIsVisible = 0;
			defaultConfigurationName = Release;
		};
/* End XCConfigurationList section */
	};
	rootObject = CEC90FA428A164350020B2A9 /* Project object */;
}
